
Microsoft Visual Studio Solution File, Format Version 10.00
# Visual Studio 2008
Project("{FAE04EC0-301F-11D3-BF4B-00C04F79EFBC}") = "SvfProxyClient", "SvfProxyClient.csproj", "{2C240538-4A37-4FD3-BCEA-EA14F5B3922D}"
EndProject
Project("{FAE04EC0-301F-11D3-BF4B-00C04F79EFBC}") = "SvfProxyService", "..\SvfProxyService\SvfProxyService.csproj", "{8C289A7B-AC99-4838-96A9-3A5B7B46F9A4}"
EndProject
Global
	GlobalSection(SolutionConfigurationPlatforms) = preSolution
		Debug|Any CPU = Debug|Any CPU
		Release|Any CPU = Release|Any CPU
	EndGlobalSection
	GlobalSection(ProjectConfigurationPlatforms) = postSolution
		{2C240538-4A37-4FD3-BCEA-EA14F5B3922D}.Debug|Any CPU.ActiveCfg = Debug|Any CPU
		{2C240538-4A37-4FD3-BCEA-EA14F5B3922D}.Debug|Any CPU.Build.0 = Debug|Any CPU
		{2C240538-4A37-4FD3-BCEA-EA14F5B3922D}.Release|Any CPU.ActiveCfg = Release|Any CPU
		{2C240538-4A37-4FD3-BCEA-EA14F5B3922D}.Release|Any CPU.Build.0 = Release|Any CPU
		{8C289A7B-AC99-4838-96A9-3A5B7B46F9A4}.Debug|Any CPU.ActiveCfg = Debug|Any CPU
		{8C289A7B-AC99-4838-96A9-3A5B7B46F9A4}.Debug|Any CPU.Build.0 = Debug|Any CPU
		{8C289A7B-AC99-4838-96A9-3A5B7B46F9A4}.Release|Any CPU.ActiveCfg = Release|Any CPU
		{8C289A7B-AC99-4838-96A9-3A5B7B46F9A4}.Release|Any CPU.Build.0 = Release|Any CPU
	EndGlobalSection
	GlobalSection(SolutionProperties) = preSolution
		HideSolutionNode = FALSE
	EndGlobalSection
EndGlobal
